
Microsoft Visual Studio Solution File, Format Version 12.00
# Visual Studio Version 17
VisualStudioVersion = 17.0.31903.59
MinimumVisualStudioVersion = 10.0.40219.1
Project("{9A19103F-16F7-4668-BE54-9A1E7A4F7556}") = "FontesCSharp.API", "src\FontesCSharp.API\FontesCSharp.API.csproj", "{8AD7DDEF-149D-4FDE-A2EE-E5528B819BD1}"
EndProject
Project("{9A19103F-16F7-4668-BE54-9A1E7A4F7556}") = "FontesCSharp.Core", "src\FontesCSharp.Core\FontesCSharp.Core.csproj", "{E61F6F0D-157D-4053-97E5-701E0BBD0A3C}"
EndProject
Global
	GlobalSection(SolutionConfigurationPlatforms) = preSolution
		Debug|Any CPU = Debug|Any CPU
		Release|Any CPU = Release|Any CPU
	EndGlobalSection
	GlobalSection(ProjectConfigurationPlatforms) = postSolution
		{8AD7DDEF-149D-4FDE-A2EE-E5528B819BD1}.Debug|Any CPU.ActiveCfg = Debug|Any CPU
		{8AD7DDEF-149D-4FDE-A2EE-E5528B819BD1}.Debug|Any CPU.Build.0 = Debug|Any CPU
		{8AD7DDEF-149D-4FDE-A2EE-E5528B819BD1}.Release|Any CPU.ActiveCfg = Release|Any CPU
		{8AD7DDEF-149D-4FDE-A2EE-E5528B819BD1}.Release|Any CPU.Build.0 = Release|Any CPU
		{E61F6F0D-157D-4053-97E5-701E0BBD0A3C}.Debug|Any CPU.ActiveCfg = Debug|Any CPU
		{E61F6F0D-157D-4053-97E5-701E0BBD0A3C}.Debug|Any CPU.Build.0 = Debug|Any CPU
		{E61F6F0D-157D-4053-97E5-701E0BBD0A3C}.Release|Any CPU.ActiveCfg = Release|Any CPU
		{E61F6F0D-157D-4053-97E5-701E0BBD0A3C}.Release|Any CPU.Build.0 = Release|Any CPU
	EndGlobalSection
	GlobalSection(SolutionProperties) = preSolution
		HideSolutionNode = FALSE
	EndGlobalSection
EndGlobal
